
Microsoft Visual Studio Solution File, Format Version 12.00
# Visual Studio Version 16
VisualStudioVersion = 16.0.31205.134
MinimumVisualStudioVersion = 10.0.40219.1
Project("{FAE04EC0-301F-11D3-BF4B-00C04F79EFBC}") = "peliculasAPI", "peliculasAPI\peliculasAPI.csproj", "{FB22D7F4-A5BD-46BA-9FA2-A2399C4544EB}"
EndProject
Global
	GlobalSection(SolutionConfigurationPlatforms) = preSolution
		Debug|Any CPU = Debug|Any CPU
		Release|Any CPU = Release|Any CPU
	EndGlobalSection
	GlobalSection(ProjectConfigurationPlatforms) = postSolution
		{FB22D7F4-A5BD-46BA-9FA2-A2399C4544EB}.Debug|Any CPU.ActiveCfg = Debug|Any CPU
		{FB22D7F4-A5BD-46BA-9FA2-A2399C4544EB}.Debug|Any CPU.Build.0 = Debug|Any CPU
		{FB22D7F4-A5BD-46BA-9FA2-A2399C4544EB}.Release|Any CPU.ActiveCfg = Release|Any CPU
		{FB22D7F4-A5BD-46BA-9FA2-A2399C4544EB}.Release|Any CPU.Build.0 = Release|Any CPU
	EndGlobalSection
	GlobalSection(SolutionProperties) = preSolution
		HideSolutionNode = FALSE
	EndGlobalSection
	GlobalSection(ExtensibilityGlobals) = postSolution
		SolutionGuid = {34C16CED-5BE2-424F-8C0D-49415825F5F1}
	EndGlobalSection
EndGlobal
